
Microsoft Visual Studio Solution File, Format Version 12.00
# Visual Studio Version 17
VisualStudioVersion = 17.0.31903.59
MinimumVisualStudioVersion = 10.0.40219.1
Project("{FAE04EC0-301F-11D3-BF4B-00C04F79EFBC}") = "Builder", "Builder\Builder.csproj", "{4619EF8B-9A81-4DA0-B457-75D15A5E96BC}"
EndProject
Project("{FAE04EC0-301F-11D3-BF4B-00C04F79EFBC}") = "BuilderInheritance", "BuilderInheritance\BuilderInheritance.csproj", "{4C3C52B6-A0D8-4E2F-A36F-AE93F01945F2}"
EndProject
Project("{FAE04EC0-301F-11D3-BF4B-00C04F79EFBC}") = "StepwiseBuilder", "StepwiseBuilder\StepwiseBuilder.csproj", "{170B397B-8FD1-4EE4-A3C7-267BEAB492D4}"
EndProject
Project("{FAE04EC0-301F-11D3-BF4B-00C04F79EFBC}") = "FunctionalBuilder", "FunctionalBuilder\FunctionalBuilder.csproj", "{08B786DC-FD7D-4229-96B3-81BC9077B1BA}"
EndProject
Project("{FAE04EC0-301F-11D3-BF4B-00C04F79EFBC}") = "BuilderFacets", "BuilderFacets\BuilderFacets.csproj", "{9FE2655D-61EB-4849-B595-D1DFE7525B67}"
EndProject
Project("{FAE04EC0-301F-11D3-BF4B-00C04F79EFBC}") = "ObjectTrackingFactoryAndBulkReplacement", "ObjectTrackingFactoryAndBulkReplacement\ObjectTrackingFactoryAndBulkReplacement.csproj", "{D288E6A3-4CC5-49FA-A45D-0DB99D104785}"
EndProject
Project("{FAE04EC0-301F-11D3-BF4B-00C04F79EFBC}") = "AbstractFactory", "AbstractFactory\AbstractFactory.csproj", "{9BFE736A-2468-44CE-BD93-56BB2BEB07E6}"
EndProject
Project("{FAE04EC0-301F-11D3-BF4B-00C04F79EFBC}") = "Factory", "Factory\Factory.csproj", "{9E8E5964-6366-4267-8F11-41D63B8E9547}"
EndProject
Project("{FAE04EC0-301F-11D3-BF4B-00C04F79EFBC}") = "tests", "tests\tests.csproj", "{C3A81A6A-1580-49C0-97D5-9050FAC5BA43}"
EndProject
Project("{2150E333-8FDC-42A3-9474-1A3956D46DE8}") = "1 - Builder", "1 - Builder", "{AEA79C4B-BD21-437D-B4AC-039616A14B72}"
EndProject
Project("{2150E333-8FDC-42A3-9474-1A3956D46DE8}") = "2 - Factory", "2 - Factory", "{49B90F8D-1F83-4C75-A727-1999FCEFD32E}"
EndProject
Project("{2150E333-8FDC-42A3-9474-1A3956D46DE8}") = "3 - Prototype", "3 - Prototype", "{875A6DA2-AA34-436D-ADA4-86FB9CEA3FF9}"
EndProject
Project("{FAE04EC0-301F-11D3-BF4B-00C04F79EFBC}") = "ICloneableIsBad", "ICloneableIsBad\ICloneableIsBad.csproj", "{975A515D-4A3C-4701-8380-72FB7DF3A8DB}"
EndProject
Project("{FAE04EC0-301F-11D3-BF4B-00C04F79EFBC}") = "Prototype", "Prototype\Prototype.csproj", "{8F5A3852-78BA-44FF-BCEC-38DB10EC11D6}"
EndProject
Project("{FAE04EC0-301F-11D3-BF4B-00C04F79EFBC}") = "PrototypeInheritance", "PrototypeInheritance\PrototypeInheritance.csproj", "{A9BE238E-4C00-4F0E-98B5-BB26111E7D31}"
EndProject
Global
	GlobalSection(SolutionConfigurationPlatforms) = preSolution
		Debug|Any CPU = Debug|Any CPU
		Release|Any CPU = Release|Any CPU
	EndGlobalSection
	GlobalSection(SolutionProperties) = preSolution
		HideSolutionNode = FALSE
	EndGlobalSection
	GlobalSection(ProjectConfigurationPlatforms) = postSolution
		{4619EF8B-9A81-4DA0-B457-75D15A5E96BC}.Debug|Any CPU.ActiveCfg = Debug|Any CPU
		{4619EF8B-9A81-4DA0-B457-75D15A5E96BC}.Debug|Any CPU.Build.0 = Debug|Any CPU
		{4619EF8B-9A81-4DA0-B457-75D15A5E96BC}.Release|Any CPU.ActiveCfg = Release|Any CPU
		{4619EF8B-9A81-4DA0-B457-75D15A5E96BC}.Release|Any CPU.Build.0 = Release|Any CPU
		{4C3C52B6-A0D8-4E2F-A36F-AE93F01945F2}.Debug|Any CPU.ActiveCfg = Debug|Any CPU
		{4C3C52B6-A0D8-4E2F-A36F-AE93F01945F2}.Debug|Any CPU.Build.0 = Debug|Any CPU
		{4C3C52B6-A0D8-4E2F-A36F-AE93F01945F2}.Release|Any CPU.ActiveCfg = Release|Any CPU
		{4C3C52B6-A0D8-4E2F-A36F-AE93F01945F2}.Release|Any CPU.Build.0 = Release|Any CPU
		{170B397B-8FD1-4EE4-A3C7-267BEAB492D4}.Debug|Any CPU.ActiveCfg = Debug|Any CPU
		{170B397B-8FD1-4EE4-A3C7-267BEAB492D4}.Debug|Any CPU.Build.0 = Debug|Any CPU
		{170B397B-8FD1-4EE4-A3C7-267BEAB492D4}.Release|Any CPU.ActiveCfg = Release|Any CPU
		{170B397B-8FD1-4EE4-A3C7-267BEAB492D4}.Release|Any CPU.Build.0 = Release|Any CPU
		{08B786DC-FD7D-4229-96B3-81BC9077B1BA}.Debug|Any CPU.ActiveCfg = Debug|Any CPU
		{08B786DC-FD7D-4229-96B3-81BC9077B1BA}.Debug|Any CPU.Build.0 = Debug|Any CPU
		{08B786DC-FD7D-4229-96B3-81BC9077B1BA}.Release|Any CPU.ActiveCfg = Release|Any CPU
		{08B786DC-FD7D-4229-96B3-81BC9077B1BA}.Release|Any CPU.Build.0 = Release|Any CPU
		{9FE2655D-61EB-4849-B595-D1DFE7525B67}.Debug|Any CPU.ActiveCfg = Debug|Any CPU
		{9FE2655D-61EB-4849-B595-D1DFE7525B67}.Debug|Any CPU.Build.0 = Debug|Any CPU
		{9FE2655D-61EB-4849-B595-D1DFE7525B67}.Release|Any CPU.ActiveCfg = Release|Any CPU
		{9FE2655D-61EB-4849-B595-D1DFE7525B67}.Release|Any CPU.Build.0 = Release|Any CPU
		{D288E6A3-4CC5-49FA-A45D-0DB99D104785}.Debug|Any CPU.ActiveCfg = Debug|Any CPU
		{D288E6A3-4CC5-49FA-A45D-0DB99D104785}.Debug|Any CPU.Build.0 = Debug|Any CPU
		{D288E6A3-4CC5-49FA-A45D-0DB99D104785}.Release|Any CPU.ActiveCfg = Release|Any CPU
		{D288E6A3-4CC5-49FA-A45D-0DB99D104785}.Release|Any CPU.Build.0 = Release|Any CPU
		{9BFE736A-2468-44CE-BD93-56BB2BEB07E6}.Debug|Any CPU.ActiveCfg = Debug|Any CPU
		{9BFE736A-2468-44CE-BD93-56BB2BEB07E6}.Debug|Any CPU.Build.0 = Debug|Any CPU
		{9BFE736A-2468-44CE-BD93-56BB2BEB07E6}.Release|Any CPU.ActiveCfg = Release|Any CPU
		{9BFE736A-2468-44CE-BD93-56BB2BEB07E6}.Release|Any CPU.Build.0 = Release|Any CPU
		{9E8E5964-6366-4267-8F11-41D63B8E9547}.Debug|Any CPU.ActiveCfg = Debug|Any CPU
		{9E8E5964-6366-4267-8F11-41D63B8E9547}.Debug|Any CPU.Build.0 = Debug|Any CPU
		{9E8E5964-6366-4267-8F11-41D63B8E9547}.Release|Any CPU.ActiveCfg = Release|Any CPU
		{9E8E5964-6366-4267-8F11-41D63B8E9547}.Release|Any CPU.Build.0 = Release|Any CPU
		{C3A81A6A-1580-49C0-97D5-9050FAC5BA43}.Debug|Any CPU.ActiveCfg = Debug|Any CPU
		{C3A81A6A-1580-49C0-97D5-9050FAC5BA43}.Debug|Any CPU.Build.0 = Debug|Any CPU
		{C3A81A6A-1580-49C0-97D5-9050FAC5BA43}.Release|Any CPU.ActiveCfg = Release|Any CPU
		{C3A81A6A-1580-49C0-97D5-9050FAC5BA43}.Release|Any CPU.Build.0 = Release|Any CPU
		{975A515D-4A3C-4701-8380-72FB7DF3A8DB}.Debug|Any CPU.ActiveCfg = Debug|Any CPU
		{975A515D-4A3C-4701-8380-72FB7DF3A8DB}.Debug|Any CPU.Build.0 = Debug|Any CPU
		{975A515D-4A3C-4701-8380-72FB7DF3A8DB}.Release|Any CPU.ActiveCfg = Release|Any CPU
		{975A515D-4A3C-4701-8380-72FB7DF3A8DB}.Release|Any CPU.Build.0 = Release|Any CPU
		{8F5A3852-78BA-44FF-BCEC-38DB10EC11D6}.Debug|Any CPU.ActiveCfg = Debug|Any CPU
		{8F5A3852-78BA-44FF-BCEC-38DB10EC11D6}.Debug|Any CPU.Build.0 = Debug|Any CPU
		{8F5A3852-78BA-44FF-BCEC-38DB10EC11D6}.Release|Any CPU.ActiveCfg = Release|Any CPU
		{8F5A3852-78BA-44FF-BCEC-38DB10EC11D6}.Release|Any CPU.Build.0 = Release|Any CPU
		{A9BE238E-4C00-4F0E-98B5-BB26111E7D31}.Debug|Any CPU.ActiveCfg = Debug|Any CPU
		{A9BE238E-4C00-4F0E-98B5-BB26111E7D31}.Debug|Any CPU.Build.0 = Debug|Any CPU
		{A9BE238E-4C00-4F0E-98B5-BB26111E7D31}.Release|Any CPU.ActiveCfg = Release|Any CPU
		{A9BE238E-4C00-4F0E-98B5-BB26111E7D31}.Release|Any CPU.Build.0 = Release|Any CPU
	EndGlobalSection
	GlobalSection(NestedProjects) = preSolution
		{4619EF8B-9A81-4DA0-B457-75D15A5E96BC} = {AEA79C4B-BD21-437D-B4AC-039616A14B72}
		{9FE2655D-61EB-4849-B595-D1DFE7525B67} = {AEA79C4B-BD21-437D-B4AC-039616A14B72}
		{4C3C52B6-A0D8-4E2F-A36F-AE93F01945F2} = {AEA79C4B-BD21-437D-B4AC-039616A14B72}
		{08B786DC-FD7D-4229-96B3-81BC9077B1BA} = {AEA79C4B-BD21-437D-B4AC-039616A14B72}
		{9BFE736A-2468-44CE-BD93-56BB2BEB07E6} = {49B90F8D-1F83-4C75-A727-1999FCEFD32E}
		{9E8E5964-6366-4267-8F11-41D63B8E9547} = {49B90F8D-1F83-4C75-A727-1999FCEFD32E}
		{D288E6A3-4CC5-49FA-A45D-0DB99D104785} = {49B90F8D-1F83-4C75-A727-1999FCEFD32E}
		{170B397B-8FD1-4EE4-A3C7-267BEAB492D4} = {AEA79C4B-BD21-437D-B4AC-039616A14B72}
		{975A515D-4A3C-4701-8380-72FB7DF3A8DB} = {875A6DA2-AA34-436D-ADA4-86FB9CEA3FF9}
		{8F5A3852-78BA-44FF-BCEC-38DB10EC11D6} = {875A6DA2-AA34-436D-ADA4-86FB9CEA3FF9}
		{A9BE238E-4C00-4F0E-98B5-BB26111E7D31} = {875A6DA2-AA34-436D-ADA4-86FB9CEA3FF9}
	EndGlobalSection
EndGlobal
