
Microsoft Visual Studio Solution File, Format Version 12.00
# Visual Studio Version 17
VisualStudioVersion = 17.0.31903.59
MinimumVisualStudioVersion = 10.0.40219.1
Project("{FAE04EC0-301F-11D3-BF4B-00C04F79EFBC}") = "Builder", "Builder\Builder.csproj", "{4619EF8B-9A81-4DA0-B457-75D15A5E96BC}"
EndProject
Project("{FAE04EC0-301F-11D3-BF4B-00C04F79EFBC}") = "BuilderInheritance", "BuilderInheritance\BuilderInheritance.csproj", "{4C3C52B6-A0D8-4E2F-A36F-AE93F01945F2}"
EndProject
Project("{FAE04EC0-301F-11D3-BF4B-00C04F79EFBC}") = "StepwiseBuilder", "StepwiseBuilder\StepwiseBuilder.csproj", "{170B397B-8FD1-4EE4-A3C7-267BEAB492D4}"
EndProject
Project("{FAE04EC0-301F-11D3-BF4B-00C04F79EFBC}") = "FunctionalBuilder", "FunctionalBuilder\FunctionalBuilder.csproj", "{08B786DC-FD7D-4229-96B3-81BC9077B1BA}"
EndProject
Project("{FAE04EC0-301F-11D3-BF4B-00C04F79EFBC}") = "BuilderFacets", "BuilderFacets\BuilderFacets.csproj", "{9FE2655D-61EB-4849-B595-D1DFE7525B67}"
EndProject
Project("{FAE04EC0-301F-11D3-BF4B-00C04F79EFBC}") = "ObjectTrackingFactoryAndBulkReplacement", "ObjectTrackingFactoryAndBulkReplacement\ObjectTrackingFactoryAndBulkReplacement.csproj", "{D288E6A3-4CC5-49FA-A45D-0DB99D104785}"
EndProject
Project("{FAE04EC0-301F-11D3-BF4B-00C04F79EFBC}") = "AbstractFactory", "AbstractFactory\AbstractFactory.csproj", "{9BFE736A-2468-44CE-BD93-56BB2BEB07E6}"
EndProject
Project("{FAE04EC0-301F-11D3-BF4B-00C04F79EFBC}") = "Factory", "Factory\Factory.csproj", "{9E8E5964-6366-4267-8F11-41D63B8E9547}"
EndProject
Global
	GlobalSection(SolutionConfigurationPlatforms) = preSolution
		Debug|Any CPU = Debug|Any CPU
		Release|Any CPU = Release|Any CPU
	EndGlobalSection
	GlobalSection(SolutionProperties) = preSolution
		HideSolutionNode = FALSE
	EndGlobalSection
	GlobalSection(ProjectConfigurationPlatforms) = postSolution
		{4619EF8B-9A81-4DA0-B457-75D15A5E96BC}.Debug|Any CPU.ActiveCfg = Debug|Any CPU
		{4619EF8B-9A81-4DA0-B457-75D15A5E96BC}.Debug|Any CPU.Build.0 = Debug|Any CPU
		{4619EF8B-9A81-4DA0-B457-75D15A5E96BC}.Release|Any CPU.ActiveCfg = Release|Any CPU
		{4619EF8B-9A81-4DA0-B457-75D15A5E96BC}.Release|Any CPU.Build.0 = Release|Any CPU
		{4C3C52B6-A0D8-4E2F-A36F-AE93F01945F2}.Debug|Any CPU.ActiveCfg = Debug|Any CPU
		{4C3C52B6-A0D8-4E2F-A36F-AE93F01945F2}.Debug|Any CPU.Build.0 = Debug|Any CPU
		{4C3C52B6-A0D8-4E2F-A36F-AE93F01945F2}.Release|Any CPU.ActiveCfg = Release|Any CPU
		{4C3C52B6-A0D8-4E2F-A36F-AE93F01945F2}.Release|Any CPU.Build.0 = Release|Any CPU
		{170B397B-8FD1-4EE4-A3C7-267BEAB492D4}.Debug|Any CPU.ActiveCfg = Debug|Any CPU
		{170B397B-8FD1-4EE4-A3C7-267BEAB492D4}.Debug|Any CPU.Build.0 = Debug|Any CPU
		{170B397B-8FD1-4EE4-A3C7-267BEAB492D4}.Release|Any CPU.ActiveCfg = Release|Any CPU
		{170B397B-8FD1-4EE4-A3C7-267BEAB492D4}.Release|Any CPU.Build.0 = Release|Any CPU
		{08B786DC-FD7D-4229-96B3-81BC9077B1BA}.Debug|Any CPU.ActiveCfg = Debug|Any CPU
		{08B786DC-FD7D-4229-96B3-81BC9077B1BA}.Debug|Any CPU.Build.0 = Debug|Any CPU
		{08B786DC-FD7D-4229-96B3-81BC9077B1BA}.Release|Any CPU.ActiveCfg = Release|Any CPU
		{08B786DC-FD7D-4229-96B3-81BC9077B1BA}.Release|Any CPU.Build.0 = Release|Any CPU
		{9FE2655D-61EB-4849-B595-D1DFE7525B67}.Debug|Any CPU.ActiveCfg = Debug|Any CPU
		{9FE2655D-61EB-4849-B595-D1DFE7525B67}.Debug|Any CPU.Build.0 = Debug|Any CPU
		{9FE2655D-61EB-4849-B595-D1DFE7525B67}.Release|Any CPU.ActiveCfg = Release|Any CPU
		{9FE2655D-61EB-4849-B595-D1DFE7525B67}.Release|Any CPU.Build.0 = Release|Any CPU
		{D288E6A3-4CC5-49FA-A45D-0DB99D104785}.Debug|Any CPU.ActiveCfg = Debug|Any CPU
		{D288E6A3-4CC5-49FA-A45D-0DB99D104785}.Debug|Any CPU.Build.0 = Debug|Any CPU
		{D288E6A3-4CC5-49FA-A45D-0DB99D104785}.Release|Any CPU.ActiveCfg = Release|Any CPU
		{D288E6A3-4CC5-49FA-A45D-0DB99D104785}.Release|Any CPU.Build.0 = Release|Any CPU
		{9BFE736A-2468-44CE-BD93-56BB2BEB07E6}.Debug|Any CPU.ActiveCfg = Debug|Any CPU
		{9BFE736A-2468-44CE-BD93-56BB2BEB07E6}.Debug|Any CPU.Build.0 = Debug|Any CPU
		{9BFE736A-2468-44CE-BD93-56BB2BEB07E6}.Release|Any CPU.ActiveCfg = Release|Any CPU
		{9BFE736A-2468-44CE-BD93-56BB2BEB07E6}.Release|Any CPU.Build.0 = Release|Any CPU
		{9E8E5964-6366-4267-8F11-41D63B8E9547}.Debug|Any CPU.ActiveCfg = Debug|Any CPU
		{9E8E5964-6366-4267-8F11-41D63B8E9547}.Debug|Any CPU.Build.0 = Debug|Any CPU
		{9E8E5964-6366-4267-8F11-41D63B8E9547}.Release|Any CPU.ActiveCfg = Release|Any CPU
		{9E8E5964-6366-4267-8F11-41D63B8E9547}.Release|Any CPU.Build.0 = Release|Any CPU
	EndGlobalSection
	GlobalSection(NestedProjects) = preSolution
	EndGlobalSection
EndGlobal
