
Microsoft Visual Studio Solution File, Format Version 12.00
# Visual Studio Version 17
VisualStudioVersion = 17.0.31903.59
MinimumVisualStudioVersion = 10.0.40219.1
Project("{FAE04EC0-301F-11D3-BF4B-00C04F79EFBC}") = "Builder", "Builder\Builder.csproj", "{4619EF8B-9A81-4DA0-B457-75D15A5E96BC}"
EndProject
Project("{FAE04EC0-301F-11D3-BF4B-00C04F79EFBC}") = "BuilderInheritance", "BuilderInheritance\BuilderInheritance.csproj", "{4C3C52B6-A0D8-4E2F-A36F-AE93F01945F2}"
EndProject
Global
	GlobalSection(SolutionConfigurationPlatforms) = preSolution
		Debug|Any CPU = Debug|Any CPU
		Release|Any CPU = Release|Any CPU
	EndGlobalSection
	GlobalSection(SolutionProperties) = preSolution
		HideSolutionNode = FALSE
	EndGlobalSection
	GlobalSection(ProjectConfigurationPlatforms) = postSolution
		{4619EF8B-9A81-4DA0-B457-75D15A5E96BC}.Debug|Any CPU.ActiveCfg = Debug|Any CPU
		{4619EF8B-9A81-4DA0-B457-75D15A5E96BC}.Debug|Any CPU.Build.0 = Debug|Any CPU
		{4619EF8B-9A81-4DA0-B457-75D15A5E96BC}.Release|Any CPU.ActiveCfg = Release|Any CPU
		{4619EF8B-9A81-4DA0-B457-75D15A5E96BC}.Release|Any CPU.Build.0 = Release|Any CPU
		{4C3C52B6-A0D8-4E2F-A36F-AE93F01945F2}.Debug|Any CPU.ActiveCfg = Debug|Any CPU
		{4C3C52B6-A0D8-4E2F-A36F-AE93F01945F2}.Debug|Any CPU.Build.0 = Debug|Any CPU
		{4C3C52B6-A0D8-4E2F-A36F-AE93F01945F2}.Release|Any CPU.ActiveCfg = Release|Any CPU
		{4C3C52B6-A0D8-4E2F-A36F-AE93F01945F2}.Release|Any CPU.Build.0 = Release|Any CPU
	EndGlobalSection
	GlobalSection(NestedProjects) = preSolution
	EndGlobalSection
EndGlobal
